
Microsoft Visual Studio Solution File, Format Version 12.00
# Visual Studio Version 16
VisualStudioVersion = 16.0.31129.286
MinimumVisualStudioVersion = 10.0.40219.1
Project("{9A19103F-16F7-4668-BE54-9A1E7A4F7556}") = "DijkstraV2", "DijkstraV2.csproj", "{0F7788AD-086C-4134-BB63-175BB69C81B5}"
EndProject
Global
	GlobalSection(SolutionConfigurationPlatforms) = preSolution
		Debug|Any CPU = Debug|Any CPU
		Release|Any CPU = Release|Any CPU
	EndGlobalSection
	GlobalSection(ProjectConfigurationPlatforms) = postSolution
		{0F7788AD-086C-4134-BB63-175BB69C81B5}.Debug|Any CPU.ActiveCfg = Debug|Any CPU
		{0F7788AD-086C-4134-BB63-175BB69C81B5}.Debug|Any CPU.Build.0 = Debug|Any CPU
		{0F7788AD-086C-4134-BB63-175BB69C81B5}.Release|Any CPU.ActiveCfg = Release|Any CPU
		{0F7788AD-086C-4134-BB63-175BB69C81B5}.Release|Any CPU.Build.0 = Release|Any CPU
	EndGlobalSection
	GlobalSection(SolutionProperties) = preSolution
		HideSolutionNode = FALSE
	EndGlobalSection
	GlobalSection(ExtensibilityGlobals) = postSolution
		SolutionGuid = {724267D3-94B1-489D-B0E3-3E6359FA56EF}
	EndGlobalSection
EndGlobal
